// !$*UTF8*$!
{
	archiveVersion = 1;
	classes = {
	};
	objectVersion = 55;
	objects = {

/* Begin PBXBuildFile section */
		4BE757FC27EE2270003FEB8D /* LowData_World_BuilderApp.swift in Sources */ = {isa = PBXBuildFile; fileRef = 4BE757EC27EE226F003FEB8D /* LowData_World_BuilderApp.swift */; };
		4BE757FD27EE2270003FEB8D /* LowData_World_BuilderApp.swift in Sources */ = {isa = PBXBuildFile; fileRef = 4BE757EC27EE226F003FEB8D /* LowData_World_BuilderApp.swift */; };
		4BE757FE27EE2270003FEB8D /* ContentView.swift in Sources */ = {isa = PBXBuildFile; fileRef = 4BE757ED27EE226F003FEB8D /* ContentView.swift */; };
		4BE757FF27EE2270003FEB8D /* ContentView.swift in Sources */ = {isa = PBXBuildFile; fileRef = 4BE757ED27EE226F003FEB8D /* ContentView.swift */; };
		4BE7580027EE2270003FEB8D /* Assets.xcassets in Resources */ = {isa = PBXBuildFile; fileRef = 4BE757EE27EE2270003FEB8D /* Assets.xcassets */; };
		4BE7580127EE2270003FEB8D /* Assets.xcassets in Resources */ = {isa = PBXBuildFile; fileRef = 4BE757EE27EE2270003FEB8D /* Assets.xcassets */; };
		4BE7580B27EE22B7003FEB8D /* WorldFile.swift in Sources */ = {isa = PBXBuildFile; fileRef = 4BE7580A27EE22B7003FEB8D /* WorldFile.swift */; };
		4BE7580C27EE22B7003FEB8D /* WorldFile.swift in Sources */ = {isa = PBXBuildFile; fileRef = 4BE7580A27EE22B7003FEB8D /* WorldFile.swift */; };
		4BE7583827EECF03003FEB8D /* Matrix.swift in Sources */ = {isa = PBXBuildFile; fileRef = 4BE7583727EECF03003FEB8D /* Matrix.swift */; };
		4BE7583927EECF03003FEB8D /* Matrix.swift in Sources */ = {isa = PBXBuildFile; fileRef = 4BE7583727EECF03003FEB8D /* Matrix.swift */; };
		4BE7583B27EECF50003FEB8D /* ContentHandler.swift in Sources */ = {isa = PBXBuildFile; fileRef = 4BE7583A27EECF50003FEB8D /* ContentHandler.swift */; };
		4BE7583C27EECF50003FEB8D /* ContentHandler.swift in Sources */ = {isa = PBXBuildFile; fileRef = 4BE7583A27EECF50003FEB8D /* ContentHandler.swift */; };
		4BE7583E27F119AF003FEB8D /* RenderImageAsView.swift in Sources */ = {isa = PBXBuildFile; fileRef = 4BE7583D27F119AF003FEB8D /* RenderImageAsView.swift */; };
		4BE7583F27F119AF003FEB8D /* RenderImageAsView.swift in Sources */ = {isa = PBXBuildFile; fileRef = 4BE7583D27F119AF003FEB8D /* RenderImageAsView.swift */; };
/* End PBXBuildFile section */

/* Begin PBXFileReference section */
		4BE757EC27EE226F003FEB8D /* LowData_World_BuilderApp.swift */ = {isa = PBXFileReference; lastKnownFileType = sourcecode.swift; path = LowData_World_BuilderApp.swift; sourceTree = "<group>"; };
		4BE757ED27EE226F003FEB8D /* ContentView.swift */ = {isa = PBXFileReference; lastKnownFileType = sourcecode.swift; path = ContentView.swift; sourceTree = "<group>"; };
		4BE757EE27EE2270003FEB8D /* Assets.xcassets */ = {isa = PBXFileReference; lastKnownFileType = folder.assetcatalog; path = Assets.xcassets; sourceTree = "<group>"; };
		4BE757F327EE2270003FEB8D /* LowData World Builder.app */ = {isa = PBXFileReference; explicitFileType = wrapper.application; includeInIndex = 0; path = "LowData World Builder.app"; sourceTree = BUILT_PRODUCTS_DIR; };
		4BE757F927EE2270003FEB8D /* LowData World Builder.app */ = {isa = PBXFileReference; explicitFileType = wrapper.application; includeInIndex = 0; path = "LowData World Builder.app"; sourceTree = BUILT_PRODUCTS_DIR; };
		4BE757FB27EE2270003FEB8D /* macOS.entitlements */ = {isa = PBXFileReference; lastKnownFileType = text.plist.entitlements; path = macOS.entitlements; sourceTree = "<group>"; };
		4BE7580A27EE22B7003FEB8D /* WorldFile.swift */ = {isa = PBXFileReference; lastKnownFileType = sourcecode.swift; path = WorldFile.swift; sourceTree = "<group>"; };
		4BE7583727EECF03003FEB8D /* Matrix.swift */ = {isa = PBXFileReference; lastKnownFileType = sourcecode.swift; path = Matrix.swift; sourceTree = "<group>"; };
		4BE7583A27EECF50003FEB8D /* ContentHandler.swift */ = {isa = PBXFileReference; lastKnownFileType = sourcecode.swift; path = ContentHandler.swift; sourceTree = "<group>"; };
		4BE7583D27F119AF003FEB8D /* RenderImageAsView.swift */ = {isa = PBXFileReference; lastKnownFileType = sourcecode.swift; path = RenderImageAsView.swift; sourceTree = "<group>"; };
		4BE7584027F14FED003FEB8D /* LowData-World-Builder--macOS--Info.plist */ = {isa = PBXFileReference; lastKnownFileType = text.plist; path = "LowData-World-Builder--macOS--Info.plist"; sourceTree = "<group>"; };
/* End PBXFileReference section */

/* Begin PBXFrameworksBuildPhase section */
		4BE757F027EE2270003FEB8D /* Frameworks */ = {
			isa = PBXFrameworksBuildPhase;
			buildActionMask = 2147483647;
			files = (
			);
			runOnlyForDeploymentPostprocessing = 0;
		};
		4BE757F627EE2270003FEB8D /* Frameworks */ = {
			isa = PBXFrameworksBuildPhase;
			buildActionMask = 2147483647;
			files = (
			);
			runOnlyForDeploymentPostprocessing = 0;
		};
/* End PBXFrameworksBuildPhase section */

/* Begin PBXGroup section */
		4BE757E627EE226F003FEB8D = {
			isa = PBXGroup;
			children = (
				4BE7584027F14FED003FEB8D /* LowData-World-Builder--macOS--Info.plist */,
				4BE757EB27EE226F003FEB8D /* Shared */,
				4BE757FA27EE2270003FEB8D /* macOS */,
				4BE757F427EE2270003FEB8D /* Products */,
			);
			sourceTree = "<group>";
		};
		4BE757EB27EE226F003FEB8D /* Shared */ = {
			isa = PBXGroup;
			children = (
				4BE757EC27EE226F003FEB8D /* LowData_World_BuilderApp.swift */,
				4BE757ED27EE226F003FEB8D /* ContentView.swift */,
				4BE7583A27EECF50003FEB8D /* ContentHandler.swift */,
				4BE7580A27EE22B7003FEB8D /* WorldFile.swift */,
				4BE7583727EECF03003FEB8D /* Matrix.swift */,
				4BE757EE27EE2270003FEB8D /* Assets.xcassets */,
				4BE7583D27F119AF003FEB8D /* RenderImageAsView.swift */,
			);
			path = Shared;
			sourceTree = "<group>";
		};
		4BE757F427EE2270003FEB8D /* Products */ = {
			isa = PBXGroup;
			children = (
				4BE757F327EE2270003FEB8D /* LowData World Builder.app */,
				4BE757F927EE2270003FEB8D /* LowData World Builder.app */,
			);
			name = Products;
			sourceTree = "<group>";
		};
		4BE757FA27EE2270003FEB8D /* macOS */ = {
			isa = PBXGroup;
			children = (
				4BE757FB27EE2270003FEB8D /* macOS.entitlements */,
			);
			path = macOS;
			sourceTree = "<group>";
		};
/* End PBXGroup section */

/* Begin PBXNativeTarget section */
		4BE757F227EE2270003FEB8D /* LowData World Builder (iOS) */ = {
			isa = PBXNativeTarget;
			buildConfigurationList = 4BE7580427EE2270003FEB8D /* Build configuration list for PBXNativeTarget "LowData World Builder (iOS)" */;
			buildPhases = (
				4BE757EF27EE2270003FEB8D /* Sources */,
				4BE757F027EE2270003FEB8D /* Frameworks */,
				4BE757F127EE2270003FEB8D /* Resources */,
			);
			buildRules = (
			);
			dependencies = (
			);
			name = "LowData World Builder (iOS)";
			productName = "LowData World Builder (iOS)";
			productReference = 4BE757F327EE2270003FEB8D /* LowData World Builder.app */;
			productType = "com.apple.product-type.application";
		};
		4BE757F827EE2270003FEB8D /* LowData World Builder (macOS) */ = {
			isa = PBXNativeTarget;
			buildConfigurationList = 4BE7580727EE2270003FEB8D /* Build configuration list for PBXNativeTarget "LowData World Builder (macOS)" */;
			buildPhases = (
				4BE757F527EE2270003FEB8D /* Sources */,
				4BE757F627EE2270003FEB8D /* Frameworks */,
				4BE757F727EE2270003FEB8D /* Resources */,
			);
			buildRules = (
			);
			dependencies = (
			);
			name = "LowData World Builder (macOS)";
			productName = "LowData World Builder (macOS)";
			productReference = 4BE757F927EE2270003FEB8D /* LowData World Builder.app */;
			productType = "com.apple.product-type.application";
		};
/* End PBXNativeTarget section */

/* Begin PBXProject section */
		4BE757E727EE226F003FEB8D /* Project object */ = {
			isa = PBXProject;
			attributes = {
				BuildIndependentTargetsInParallel = 1;
				LastSwiftUpdateCheck = 1330;
				LastUpgradeCheck = 1330;
				TargetAttributes = {
					4BE757F227EE2270003FEB8D = {
						CreatedOnToolsVersion = 13.3;
					};
					4BE757F827EE2270003FEB8D = {
						CreatedOnToolsVersion = 13.3;
					};
				};
			};
			buildConfigurationList = 4BE757EA27EE226F003FEB8D /* Build configuration list for PBXProject "LowData World Builder" */;
			compatibilityVersion = "Xcode 13.0";
			developmentRegion = en;
			hasScannedForEncodings = 0;
			knownRegions = (
				en,
				Base,
			);
			mainGroup = 4BE757E627EE226F003FEB8D;
			productRefGroup = 4BE757F427EE2270003FEB8D /* Products */;
			projectDirPath = "";
			projectRoot = "";
			targets = (
				4BE757F227EE2270003FEB8D /* LowData World Builder (iOS) */,
				4BE757F827EE2270003FEB8D /* LowData World Builder (macOS) */,
			);
		};
/* End PBXProject section */

/* Begin PBXResourcesBuildPhase section */
		4BE757F127EE2270003FEB8D /* Resources */ = {
			isa = PBXResourcesBuildPhase;
			buildActionMask = 2147483647;
			files = (
				4BE7580027EE2270003FEB8D /* Assets.xcassets in Resources */,
			);
			runOnlyForDeploymentPostprocessing = 0;
		};
		4BE757F727EE2270003FEB8D /* Resources */ = {
			isa = PBXResourcesBuildPhase;
			buildActionMask = 2147483647;
			files = (
				4BE7580127EE2270003FEB8D /* Assets.xcassets in Resources */,
			);
			runOnlyForDeploymentPostprocessing = 0;
		};
/* End PBXResourcesBuildPhase section */

/* Begin PBXSourcesBuildPhase section */
		4BE757EF27EE2270003FEB8D /* Sources */ = {
			isa = PBXSourcesBuildPhase;
			buildActionMask = 2147483647;
			files = (
				4BE7583827EECF03003FEB8D /* Matrix.swift in Sources */,
				4BE757FE27EE2270003FEB8D /* ContentView.swift in Sources */,
				4BE7583B27EECF50003FEB8D /* ContentHandler.swift in Sources */,
				4BE757FC27EE2270003FEB8D /* LowData_World_BuilderApp.swift in Sources */,
				4BE7583E27F119AF003FEB8D /* RenderImageAsView.swift in Sources */,
				4BE7580B27EE22B7003FEB8D /* WorldFile.swift in Sources */,
			);
			runOnlyForDeploymentPostprocessing = 0;
		};
		4BE757F527EE2270003FEB8D /* Sources */ = {
			isa = PBXSourcesBuildPhase;
			buildActionMask = 2147483647;
			files = (
				4BE7583927EECF03003FEB8D /* Matrix.swift in Sources */,
				4BE757FF27EE2270003FEB8D /* ContentView.swift in Sources */,
				4BE7583C27EECF50003FEB8D /* ContentHandler.swift in Sources */,
				4BE757FD27EE2270003FEB8D /* LowData_World_BuilderApp.swift in Sources */,
				4BE7583F27F119AF003FEB8D /* RenderImageAsView.swift in Sources */,
				4BE7580C27EE22B7003FEB8D /* WorldFile.swift in Sources */,
			);
			runOnlyForDeploymentPostprocessing = 0;
		};
/* End PBXSourcesBuildPhase section */

/* Begin XCBuildConfiguration section */
		4BE7580227EE2270003FEB8D /* Debug */ = {
			isa = XCBuildConfiguration;
			buildSettings = {
				ALWAYS_SEARCH_USER_PATHS = NO;
				CLANG_ANALYZER_NONNULL = YES;
				CLANG_ANALYZER_NUMBER_OBJECT_CONVERSION = YES_AGGRESSIVE;
				CLANG_CXX_LANGUAGE_STANDARD = "gnu++17";
				CLANG_ENABLE_MODULES = YES;
				CLANG_ENABLE_OBJC_ARC = YES;
				CLANG_ENABLE_OBJC_WEAK = YES;
				CLANG_WARN_BLOCK_CAPTURE_AUTORELEASING = YES;
				CLANG_WARN_BOOL_CONVERSION = YES;
				CLANG_WARN_COMMA = YES;
				CLANG_WARN_CONSTANT_CONVERSION = YES;
				CLANG_WARN_DEPRECATED_OBJC_IMPLEMENTATIONS = YES;
				CLANG_WARN_DIRECT_OBJC_ISA_USAGE = YES_ERROR;
				CLANG_WARN_DOCUMENTATION_COMMENTS = YES;
				CLANG_WARN_EMPTY_BODY = YES;
				CLANG_WARN_ENUM_CONVERSION = YES;
				CLANG_WARN_INFINITE_RECURSION = YES;
				CLANG_WARN_INT_CONVERSION = YES;
				CLANG_WARN_NON_LITERAL_NULL_CONVERSION = YES;
				CLANG_WARN_OBJC_IMPLICIT_RETAIN_SELF = YES;
				CLANG_WARN_OBJC_LITERAL_CONVERSION = YES;
				CLANG_WARN_OBJC_ROOT_CLASS = YES_ERROR;
				CLANG_WARN_QUOTED_INCLUDE_IN_FRAMEWORK_HEADER = YES;
				CLANG_WARN_RANGE_LOOP_ANALYSIS = YES;
				CLANG_WARN_STRICT_PROTOTYPES = YES;
				CLANG_WARN_SUSPICIOUS_MOVE = YES;
				CLANG_WARN_UNGUARDED_AVAILABILITY = YES_AGGRESSIVE;
				CLANG_WARN_UNREACHABLE_CODE = YES;
				CLANG_WARN__DUPLICATE_METHOD_MATCH = YES;
				COPY_PHASE_STRIP = NO;
				DEBUG_INFORMATION_FORMAT = dwarf;
				ENABLE_STRICT_OBJC_MSGSEND = YES;
				ENABLE_TESTABILITY = YES;
				GCC_C_LANGUAGE_STANDARD = gnu11;
				GCC_DYNAMIC_NO_PIC = NO;
				GCC_NO_COMMON_BLOCKS = YES;
				GCC_OPTIMIZATION_LEVEL = 0;
				GCC_PREPROCESSOR_DEFINITIONS = (
					"DEBUG=1",
					"$(inherited)",
				);
				GCC_WARN_64_TO_32_BIT_CONVERSION = YES;
				GCC_WARN_ABOUT_RETURN_TYPE = YES_ERROR;
				GCC_WARN_UNDECLARED_SELECTOR = YES;
				GCC_WARN_UNINITIALIZED_AUTOS = YES_AGGRESSIVE;
				GCC_WARN_UNUSED_FUNCTION = YES;
				GCC_WARN_UNUSED_VARIABLE = YES;
				MTL_ENABLE_DEBUG_INFO = INCLUDE_SOURCE;
				MTL_FAST_MATH = YES;
				ONLY_ACTIVE_ARCH = YES;
				SWIFT_ACTIVE_COMPILATION_CONDITIONS = DEBUG;
				SWIFT_OPTIMIZATION_LEVEL = "-Onone";
			};
			name = Debug;
		};
		4BE7580327EE2270003FEB8D /* Release */ = {
			isa = XCBuildConfiguration;
			buildSettings = {
				ALWAYS_SEARCH_USER_PATHS = NO;
				CLANG_ANALYZER_NONNULL = YES;
				CLANG_ANALYZER_NUMBER_OBJECT_CONVERSION = YES_AGGRESSIVE;
				CLANG_CXX_LANGUAGE_STANDARD = "gnu++17";
				CLANG_ENABLE_MODULES = YES;
				CLANG_ENABLE_OBJC_ARC = YES;
				CLANG_ENABLE_OBJC_WEAK = YES;
				CLANG_WARN_BLOCK_CAPTURE_AUTORELEASING = YES;
				CLANG_WARN_BOOL_CONVERSION = YES;
				CLANG_WARN_COMMA = YES;
				CLANG_WARN_CONSTANT_CONVERSION = YES;
				CLANG_WARN_DEPRECATED_OBJC_IMPLEMENTATIONS = YES;
				CLANG_WARN_DIRECT_OBJC_ISA_USAGE = YES_ERROR;
				CLANG_WARN_DOCUMENTATION_COMMENTS = YES;
				CLANG_WARN_EMPTY_BODY = YES;
				CLANG_WARN_ENUM_CONVERSION = YES;
				CLANG_WARN_INFINITE_RECURSION = YES;
				CLANG_WARN_INT_CONVERSION = YES;
				CLANG_WARN_NON_LITERAL_NULL_CONVERSION = YES;
				CLANG_WARN_OBJC_IMPLICIT_RETAIN_SELF = YES;
				CLANG_WARN_OBJC_LITERAL_CONVERSION = YES;
				CLANG_WARN_OBJC_ROOT_CLASS = YES_ERROR;
				CLANG_WARN_QUOTED_INCLUDE_IN_FRAMEWORK_HEADER = YES;
				CLANG_WARN_RANGE_LOOP_ANALYSIS = YES;
				CLANG_WARN_STRICT_PROTOTYPES = YES;
				CLANG_WARN_SUSPICIOUS_MOVE = YES;
				CLANG_WARN_UNGUARDED_AVAILABILITY = YES_AGGRESSIVE;
				CLANG_WARN_UNREACHABLE_CODE = YES;
				CLANG_WARN__DUPLICATE_METHOD_MATCH = YES;
				COPY_PHASE_STRIP = NO;
				DEBUG_INFORMATION_FORMAT = "dwarf-with-dsym";
				ENABLE_NS_ASSERTIONS = NO;
				ENABLE_STRICT_OBJC_MSGSEND = YES;
				GCC_C_LANGUAGE_STANDARD = gnu11;
				GCC_NO_COMMON_BLOCKS = YES;
				GCC_WARN_64_TO_32_BIT_CONVERSION = YES;
				GCC_WARN_ABOUT_RETURN_TYPE = YES_ERROR;
				GCC_WARN_UNDECLARED_SELECTOR = YES;
				GCC_WARN_UNINITIALIZED_AUTOS = YES_AGGRESSIVE;
				GCC_WARN_UNUSED_FUNCTION = YES;
				GCC_WARN_UNUSED_VARIABLE = YES;
				MTL_ENABLE_DEBUG_INFO = NO;
				MTL_FAST_MATH = YES;
				SWIFT_COMPILATION_MODE = wholemodule;
				SWIFT_OPTIMIZATION_LEVEL = "-O";
			};
			name = Release;
		};
		4BE7580527EE2270003FEB8D /* Debug */ = {
			isa = XCBuildConfiguration;
			buildSettings = {
				ASSETCATALOG_COMPILER_APPICON_NAME = AppIcon;
				ASSETCATALOG_COMPILER_GLOBAL_ACCENT_COLOR_NAME = AccentColor;
				CODE_SIGN_STYLE = Automatic;
				CURRENT_PROJECT_VERSION = 1;
				DEVELOPMENT_TEAM = TK7Y3X86W7;
				ENABLE_PREVIEWS = YES;
				GENERATE_INFOPLIST_FILE = YES;
				INFOPLIST_KEY_UIApplicationSceneManifest_Generation = YES;
				INFOPLIST_KEY_UIApplicationSupportsIndirectInputEvents = YES;
				INFOPLIST_KEY_UILaunchScreen_Generation = YES;
				INFOPLIST_KEY_UISupportedInterfaceOrientations_iPad = "UIInterfaceOrientationPortrait UIInterfaceOrientationPortraitUpsideDown UIInterfaceOrientationLandscapeLeft UIInterfaceOrientationLandscapeRight";
				INFOPLIST_KEY_UISupportedInterfaceOrientations_iPhone = "UIInterfaceOrientationPortrait UIInterfaceOrientationLandscapeLeft UIInterfaceOrientationLandscapeRight";
				IPHONEOS_DEPLOYMENT_TARGET = 15.4;
				LD_RUNPATH_SEARCH_PATHS = (
					"$(inherited)",
					"@executable_path/Frameworks",
				);
				MARKETING_VERSION = 1.0;
				PRODUCT_BUNDLE_IDENTIFIER = "com.zacharylineman.LowData-World-Builder";
				PRODUCT_NAME = "LowData World Builder";
				SDKROOT = iphoneos;
				SWIFT_EMIT_LOC_STRINGS = YES;
				SWIFT_VERSION = 5.0;
				TARGETED_DEVICE_FAMILY = "1,2";
			};
			name = Debug;
		};
		4BE7580627EE2270003FEB8D /* Release */ = {
			isa = XCBuildConfiguration;
			buildSettings = {
				ASSETCATALOG_COMPILER_APPICON_NAME = AppIcon;
				ASSETCATALOG_COMPILER_GLOBAL_ACCENT_COLOR_NAME = AccentColor;
				CODE_SIGN_STYLE = Automatic;
				CURRENT_PROJECT_VERSION = 1;
				DEVELOPMENT_TEAM = TK7Y3X86W7;
				ENABLE_PREVIEWS = YES;
				GENERATE_INFOPLIST_FILE = YES;
				INFOPLIST_KEY_UIApplicationSceneManifest_Generation = YES;
				INFOPLIST_KEY_UIApplicationSupportsIndirectInputEvents = YES;
				INFOPLIST_KEY_UILaunchScreen_Generation = YES;
				INFOPLIST_KEY_UISupportedInterfaceOrientations_iPad = "UIInterfaceOrientationPortrait UIInterfaceOrientationPortraitUpsideDown UIInterfaceOrientationLandscapeLeft UIInterfaceOrientationLandscapeRight";
				INFOPLIST_KEY_UISupportedInterfaceOrientations_iPhone = "UIInterfaceOrientationPortrait UIInterfaceOrientationLandscapeLeft UIInterfaceOrientationLandscapeRight";
				IPHONEOS_DEPLOYMENT_TARGET = 15.4;
				LD_RUNPATH_SEARCH_PATHS = (
					"$(inherited)",
					"@executable_path/Frameworks",
				);
				MARKETING_VERSION = 1.0;
				PRODUCT_BUNDLE_IDENTIFIER = "com.zacharylineman.LowData-World-Builder";
				PRODUCT_NAME = "LowData World Builder";
				SDKROOT = iphoneos;
				SWIFT_EMIT_LOC_STRINGS = YES;
				SWIFT_VERSION = 5.0;
				TARGETED_DEVICE_FAMILY = "1,2";
				VALIDATE_PRODUCT = YES;
			};
			name = Release;
		};
		4BE7580827EE2270003FEB8D /* Debug */ = {
			isa = XCBuildConfiguration;
			buildSettings = {
				ASSETCATALOG_COMPILER_APPICON_NAME = AppIcon;
				ASSETCATALOG_COMPILER_GLOBAL_ACCENT_COLOR_NAME = AccentColor;
				CODE_SIGN_ENTITLEMENTS = macOS/macOS.entitlements;
				CODE_SIGN_STYLE = Automatic;
				COMBINE_HIDPI_IMAGES = YES;
				CURRENT_PROJECT_VERSION = 1;
				DEVELOPMENT_TEAM = 825FPALDZ5;
				ENABLE_HARDENED_RUNTIME = YES;
				ENABLE_PREVIEWS = YES;
				GENERATE_INFOPLIST_FILE = YES;
				INFOPLIST_FILE = "LowData-World-Builder--macOS--Info.plist";
				INFOPLIST_KEY_NSHumanReadableCopyright = "";
				LD_RUNPATH_SEARCH_PATHS = (
					"$(inherited)",
					"@executable_path/../Frameworks",
				);
				MACOSX_DEPLOYMENT_TARGET = 12.3;
				MARKETING_VERSION = 1.0;
				PRODUCT_BUNDLE_IDENTIFIER = "com.zacharylineman.LowData-World-Builder";
				PRODUCT_NAME = "LowData World Builder";
				SDKROOT = macosx;
				SWIFT_EMIT_LOC_STRINGS = YES;
				SWIFT_VERSION = 5.0;
			};
			name = Debug;
		};
		4BE7580927EE2270003FEB8D /* Release */ = {
			isa = XCBuildConfiguration;
			buildSettings = {
				ASSETCATALOG_COMPILER_APPICON_NAME = AppIcon;
				ASSETCATALOG_COMPILER_GLOBAL_ACCENT_COLOR_NAME = AccentColor;
				CODE_SIGN_ENTITLEMENTS = macOS/macOS.entitlements;
				CODE_SIGN_STYLE = Automatic;
				COMBINE_HIDPI_IMAGES = YES;
				CURRENT_PROJECT_VERSION = 1;
				DEVELOPMENT_TEAM = 825FPALDZ5;
				ENABLE_HARDENED_RUNTIME = YES;
				ENABLE_PREVIEWS = YES;
				GENERATE_INFOPLIST_FILE = YES;
				INFOPLIST_FILE = "LowData-World-Builder--macOS--Info.plist";
				INFOPLIST_KEY_NSHumanReadableCopyright = "";
				LD_RUNPATH_SEARCH_PATHS = (
					"$(inherited)",
					"@executable_path/../Frameworks",
				);
				MACOSX_DEPLOYMENT_TARGET = 12.3;
				MARKETING_VERSION = 1.0;
				PRODUCT_BUNDLE_IDENTIFIER = "com.zacharylineman.LowData-World-Builder";
				PRODUCT_NAME = "LowData World Builder";
				SDKROOT = macosx;
				SWIFT_EMIT_LOC_STRINGS = YES;
				SWIFT_VERSION = 5.0;
			};
			name = Release;
		};
/* End XCBuildConfiguration section */

/* Begin XCConfigurationList section */
		4BE757EA27EE226F003FEB8D /* Build configuration list for PBXProject "LowData World Builder" */ = {
			isa = XCConfigurationList;
			buildConfigurations = (
				4BE7580227EE2270003FEB8D /* Debug */,
				4BE7580327EE2270003FEB8D /* Release */,
			);
			defaultConfigurationIsVisible = 0;
			defaultConfigurationName = Release;
		};
		4BE7580427EE2270003FEB8D /* Build configuration list for PBXNativeTarget "LowData World Builder (iOS)" */ = {
			isa = XCConfigurationList;
			buildConfigurations = (
				4BE7580527EE2270003FEB8D /* Debug */,
				4BE7580627EE2270003FEB8D /* Release */,
			);
			defaultConfigurationIsVisible = 0;
			defaultConfigurationName = Release;
		};
		4BE7580727EE2270003FEB8D /* Build configuration list for PBXNativeTarget "LowData World Builder (macOS)" */ = {
			isa = XCConfigurationList;
			buildConfigurations = (
				4BE7580827EE2270003FEB8D /* Debug */,
				4BE7580927EE2270003FEB8D /* Release */,
			);
			defaultConfigurationIsVisible = 0;
			defaultConfigurationName = Release;
		};
/* End XCConfigurationList section */
	};
	rootObject = 4BE757E727EE226F003FEB8D /* Project object */;
}
